
Microsoft Visual Studio Solution File, Format Version 12.00
# Visual Studio Version 17
VisualStudioVersion = 17.7.34202.233
MinimumVisualStudioVersion = 10.0.40219.1
Project("{9A19103F-16F7-4668-BE54-9A1E7A4F7556}") = "TravelPal", "TravelPal\TravelPal.csproj", "{3D6A4C8F-BCB8-4705-BAAB-0632D58A809E}"
EndProject
Project("{2150E333-8FDC-42A3-9474-1A3956D46DE8}") = "Solution Items", "Solution Items", "{3B9B793D-4485-4B38-A476-F704A408B7E6}"
	ProjectSection(SolutionItems) = preProject
		.editorconfig = .editorconfig
	EndProjectSection
EndProject
Global
	GlobalSection(SolutionConfigurationPlatforms) = preSolution
		Debug|Any CPU = Debug|Any CPU
		Release|Any CPU = Release|Any CPU
	EndGlobalSection
	GlobalSection(ProjectConfigurationPlatforms) = postSolution
		{3D6A4C8F-BCB8-4705-BAAB-0632D58A809E}.Debug|Any CPU.ActiveCfg = Debug|Any CPU
		{3D6A4C8F-BCB8-4705-BAAB-0632D58A809E}.Debug|Any CPU.Build.0 = Debug|Any CPU
		{3D6A4C8F-BCB8-4705-BAAB-0632D58A809E}.Release|Any CPU.ActiveCfg = Release|Any CPU
		{3D6A4C8F-BCB8-4705-BAAB-0632D58A809E}.Release|Any CPU.Build.0 = Release|Any CPU
	EndGlobalSection
	GlobalSection(SolutionProperties) = preSolution
		HideSolutionNode = FALSE
	EndGlobalSection
	GlobalSection(ExtensibilityGlobals) = postSolution
		SolutionGuid = {3F4AB9FB-3485-4116-A66C-07FCDC2DB205}
	EndGlobalSection
EndGlobal
